
Microsoft Visual Studio Solution File, Format Version 12.00
# Visual Studio Version 17
VisualStudioVersion = 17.7.34024.191
MinimumVisualStudioVersion = 10.0.40219.1
Project("{FAE04EC0-301F-11D3-BF4B-00C04F79EFBC}") = "001 04.09.2023", "001 04.09.2023\001 04.09.2023.csproj", "{A3B7E6C3-8493-44EC-9DDA-44DBFE5AA70A}"
EndProject
Project("{FAE04EC0-301F-11D3-BF4B-00C04F79EFBC}") = "StorageDevicesLibrary", "StorageDevicesLibrary\StorageDevicesLibrary.csproj", "{9D1BDB57-8D44-43C8-A583-9C9413FB3FAB}"
EndProject
Global
	GlobalSection(SolutionConfigurationPlatforms) = preSolution
		Debug|Any CPU = Debug|Any CPU
		Release|Any CPU = Release|Any CPU
	EndGlobalSection
	GlobalSection(ProjectConfigurationPlatforms) = postSolution
		{A3B7E6C3-8493-44EC-9DDA-44DBFE5AA70A}.Debug|Any CPU.ActiveCfg = Debug|Any CPU
		{A3B7E6C3-8493-44EC-9DDA-44DBFE5AA70A}.Debug|Any CPU.Build.0 = Debug|Any CPU
		{A3B7E6C3-8493-44EC-9DDA-44DBFE5AA70A}.Release|Any CPU.ActiveCfg = Release|Any CPU
		{A3B7E6C3-8493-44EC-9DDA-44DBFE5AA70A}.Release|Any CPU.Build.0 = Release|Any CPU
		{9D1BDB57-8D44-43C8-A583-9C9413FB3FAB}.Debug|Any CPU.ActiveCfg = Debug|Any CPU
		{9D1BDB57-8D44-43C8-A583-9C9413FB3FAB}.Debug|Any CPU.Build.0 = Debug|Any CPU
		{9D1BDB57-8D44-43C8-A583-9C9413FB3FAB}.Release|Any CPU.ActiveCfg = Release|Any CPU
		{9D1BDB57-8D44-43C8-A583-9C9413FB3FAB}.Release|Any CPU.Build.0 = Release|Any CPU
	EndGlobalSection
	GlobalSection(SolutionProperties) = preSolution
		HideSolutionNode = FALSE
	EndGlobalSection
	GlobalSection(ExtensibilityGlobals) = postSolution
		SolutionGuid = {A5E04572-7478-4026-AC7D-C9F2E8E09E98}
	EndGlobalSection
EndGlobal
