
Microsoft Visual Studio Solution File, Format Version 12.00
# Visual Studio Version 17
VisualStudioVersion = 17.4.33213.308
MinimumVisualStudioVersion = 10.0.40219.1
Project("{FAE04EC0-301F-11D3-BF4B-00C04F79EFBC}") = "12 lab 27.02.2023", "12 lab 27.02.2023\12 lab 27.02.2023.csproj", "{51D2CC08-7519-4698-AFE6-820B7B0A5902}"
EndProject
Global
	GlobalSection(SolutionConfigurationPlatforms) = preSolution
		Debug|Any CPU = Debug|Any CPU
		Release|Any CPU = Release|Any CPU
	EndGlobalSection
	GlobalSection(ProjectConfigurationPlatforms) = postSolution
		{51D2CC08-7519-4698-AFE6-820B7B0A5902}.Debug|Any CPU.ActiveCfg = Debug|Any CPU
		{51D2CC08-7519-4698-AFE6-820B7B0A5902}.Debug|Any CPU.Build.0 = Debug|Any CPU
		{51D2CC08-7519-4698-AFE6-820B7B0A5902}.Release|Any CPU.ActiveCfg = Release|Any CPU
		{51D2CC08-7519-4698-AFE6-820B7B0A5902}.Release|Any CPU.Build.0 = Release|Any CPU
	EndGlobalSection
	GlobalSection(SolutionProperties) = preSolution
		HideSolutionNode = FALSE
	EndGlobalSection
	GlobalSection(ExtensibilityGlobals) = postSolution
		SolutionGuid = {4E63712C-3309-44EC-88CE-668DEE3777B1}
	EndGlobalSection
EndGlobal
