
Microsoft Visual Studio Solution File, Format Version 12.00
# Visual Studio Version 17
VisualStudioVersion = 17.7.34024.191
MinimumVisualStudioVersion = 10.0.40219.1
Project("{9A19103F-16F7-4668-BE54-9A1E7A4F7556}") = "Shulte", "Numbers Game\Shulte.csproj", "{641224B5-36A8-4B68-AD34-49EF24FE76BE}"
EndProject
Global
	GlobalSection(SolutionConfigurationPlatforms) = preSolution
		Debug|Any CPU = Debug|Any CPU
		Release|Any CPU = Release|Any CPU
	EndGlobalSection
	GlobalSection(ProjectConfigurationPlatforms) = postSolution
		{641224B5-36A8-4B68-AD34-49EF24FE76BE}.Debug|Any CPU.ActiveCfg = Debug|Any CPU
		{641224B5-36A8-4B68-AD34-49EF24FE76BE}.Debug|Any CPU.Build.0 = Debug|Any CPU
		{641224B5-36A8-4B68-AD34-49EF24FE76BE}.Release|Any CPU.ActiveCfg = Release|Any CPU
		{641224B5-36A8-4B68-AD34-49EF24FE76BE}.Release|Any CPU.Build.0 = Release|Any CPU
	EndGlobalSection
	GlobalSection(SolutionProperties) = preSolution
		HideSolutionNode = FALSE
	EndGlobalSection
	GlobalSection(ExtensibilityGlobals) = postSolution
		SolutionGuid = {A594B598-622E-4161-B145-F8679AB41695}
	EndGlobalSection
EndGlobal
