
Microsoft Visual Studio Solution File, Format Version 12.00
# Visual Studio Version 17
VisualStudioVersion = 17.7.34024.191
MinimumVisualStudioVersion = 10.0.40219.1
Project("{FAE04EC0-301F-11D3-BF4B-00C04F79EFBC}") = "ContactBook", "ContactBook\ContactBook.csproj", "{6885E251-6D7B-4271-8E9A-5B9D2AD6C974}"
EndProject
Global
	GlobalSection(SolutionConfigurationPlatforms) = preSolution
		Debug|Any CPU = Debug|Any CPU
		Release|Any CPU = Release|Any CPU
	EndGlobalSection
	GlobalSection(ProjectConfigurationPlatforms) = postSolution
		{6885E251-6D7B-4271-8E9A-5B9D2AD6C974}.Debug|Any CPU.ActiveCfg = Debug|Any CPU
		{6885E251-6D7B-4271-8E9A-5B9D2AD6C974}.Debug|Any CPU.Build.0 = Debug|Any CPU
		{6885E251-6D7B-4271-8E9A-5B9D2AD6C974}.Release|Any CPU.ActiveCfg = Release|Any CPU
		{6885E251-6D7B-4271-8E9A-5B9D2AD6C974}.Release|Any CPU.Build.0 = Release|Any CPU
	EndGlobalSection
	GlobalSection(SolutionProperties) = preSolution
		HideSolutionNode = FALSE
	EndGlobalSection
	GlobalSection(ExtensibilityGlobals) = postSolution
		SolutionGuid = {B8AE4D62-2527-4F78-9159-F471CF2B6242}
	EndGlobalSection
EndGlobal
