
Microsoft Visual Studio Solution File, Format Version 12.00
# Visual Studio Version 17
VisualStudioVersion = 17.7.34024.191
MinimumVisualStudioVersion = 10.0.40219.1
Project("{FAE04EC0-301F-11D3-BF4B-00C04F79EFBC}") = "EmailVerify", "EmailVerify\EmailVerify.csproj", "{A43ACD9A-08CD-493E-8D1B-34585206CD49}"
EndProject
Global
	GlobalSection(SolutionConfigurationPlatforms) = preSolution
		Debug|Any CPU = Debug|Any CPU
		Release|Any CPU = Release|Any CPU
	EndGlobalSection
	GlobalSection(ProjectConfigurationPlatforms) = postSolution
		{A43ACD9A-08CD-493E-8D1B-34585206CD49}.Debug|Any CPU.ActiveCfg = Debug|Any CPU
		{A43ACD9A-08CD-493E-8D1B-34585206CD49}.Debug|Any CPU.Build.0 = Debug|Any CPU
		{A43ACD9A-08CD-493E-8D1B-34585206CD49}.Release|Any CPU.ActiveCfg = Release|Any CPU
		{A43ACD9A-08CD-493E-8D1B-34585206CD49}.Release|Any CPU.Build.0 = Release|Any CPU
	EndGlobalSection
	GlobalSection(SolutionProperties) = preSolution
		HideSolutionNode = FALSE
	EndGlobalSection
	GlobalSection(ExtensibilityGlobals) = postSolution
		SolutionGuid = {5982839B-25AE-49E4-BE84-18C594991296}
	EndGlobalSection
EndGlobal
