
Microsoft Visual Studio Solution File, Format Version 12.00
# Visual Studio Version 17
VisualStudioVersion = 17.7.34024.191
MinimumVisualStudioVersion = 10.0.40219.1
Project("{FAE04EC0-301F-11D3-BF4B-00C04F79EFBC}") = "MongoDB Realm", "MongoDB Realm\MongoDB Realm.csproj", "{B7BE5AFF-D789-43FD-A11A-E393F6D3585D}"
EndProject
Global
	GlobalSection(SolutionConfigurationPlatforms) = preSolution
		Debug|Any CPU = Debug|Any CPU
		Release|Any CPU = Release|Any CPU
	EndGlobalSection
	GlobalSection(ProjectConfigurationPlatforms) = postSolution
		{B7BE5AFF-D789-43FD-A11A-E393F6D3585D}.Debug|Any CPU.ActiveCfg = Debug|Any CPU
		{B7BE5AFF-D789-43FD-A11A-E393F6D3585D}.Debug|Any CPU.Build.0 = Debug|Any CPU
		{B7BE5AFF-D789-43FD-A11A-E393F6D3585D}.Release|Any CPU.ActiveCfg = Release|Any CPU
		{B7BE5AFF-D789-43FD-A11A-E393F6D3585D}.Release|Any CPU.Build.0 = Release|Any CPU
	EndGlobalSection
	GlobalSection(SolutionProperties) = preSolution
		HideSolutionNode = FALSE
	EndGlobalSection
	GlobalSection(ExtensibilityGlobals) = postSolution
		SolutionGuid = {D88562BE-50B9-4E52-9D6E-B78E5E791DDD}
	EndGlobalSection
EndGlobal
