
Microsoft Visual Studio Solution File, Format Version 12.00
# Visual Studio Version 17
VisualStudioVersion = 17.4.33213.308
MinimumVisualStudioVersion = 10.0.40219.1
Project("{FAE04EC0-301F-11D3-BF4B-00C04F79EFBC}") = "10 hw 10.02.2023 indexers", "10 hw 10.02.2023 indexers\10 hw 10.02.2023 indexers.csproj", "{A60353EB-74F5-4636-8F84-FAEED15D1A10}"
EndProject
Global
	GlobalSection(SolutionConfigurationPlatforms) = preSolution
		Debug|Any CPU = Debug|Any CPU
		Release|Any CPU = Release|Any CPU
	EndGlobalSection
	GlobalSection(ProjectConfigurationPlatforms) = postSolution
		{A60353EB-74F5-4636-8F84-FAEED15D1A10}.Debug|Any CPU.ActiveCfg = Debug|Any CPU
		{A60353EB-74F5-4636-8F84-FAEED15D1A10}.Debug|Any CPU.Build.0 = Debug|Any CPU
		{A60353EB-74F5-4636-8F84-FAEED15D1A10}.Release|Any CPU.ActiveCfg = Release|Any CPU
		{A60353EB-74F5-4636-8F84-FAEED15D1A10}.Release|Any CPU.Build.0 = Release|Any CPU
	EndGlobalSection
	GlobalSection(SolutionProperties) = preSolution
		HideSolutionNode = FALSE
	EndGlobalSection
	GlobalSection(ExtensibilityGlobals) = postSolution
		SolutionGuid = {E8A5B9C6-9091-4433-9C12-E3FC14236F31}
	EndGlobalSection
EndGlobal
