
Microsoft Visual Studio Solution File, Format Version 12.00
# Visual Studio Version 17
VisualStudioVersion = 17.4.33213.308
MinimumVisualStudioVersion = 10.0.40219.1
Project("{FAE04EC0-301F-11D3-BF4B-00C04F79EFBC}") = "24 hw 03.03.2023 regex expressions", "24 hw 03.03.2023 regex expressions\24 hw 03.03.2023 regex expressions.csproj", "{8B5B5A39-26B4-4265-A2B4-27736E12FA88}"
EndProject
Global
	GlobalSection(SolutionConfigurationPlatforms) = preSolution
		Debug|Any CPU = Debug|Any CPU
		Release|Any CPU = Release|Any CPU
	EndGlobalSection
	GlobalSection(ProjectConfigurationPlatforms) = postSolution
		{8B5B5A39-26B4-4265-A2B4-27736E12FA88}.Debug|Any CPU.ActiveCfg = Debug|Any CPU
		{8B5B5A39-26B4-4265-A2B4-27736E12FA88}.Debug|Any CPU.Build.0 = Debug|Any CPU
		{8B5B5A39-26B4-4265-A2B4-27736E12FA88}.Release|Any CPU.ActiveCfg = Release|Any CPU
		{8B5B5A39-26B4-4265-A2B4-27736E12FA88}.Release|Any CPU.Build.0 = Release|Any CPU
	EndGlobalSection
	GlobalSection(SolutionProperties) = preSolution
		HideSolutionNode = FALSE
	EndGlobalSection
	GlobalSection(ExtensibilityGlobals) = postSolution
		SolutionGuid = {8E7AEB33-9F62-4FA9-AB2E-E9034199D355}
	EndGlobalSection
EndGlobal
