
Microsoft Visual Studio Solution File, Format Version 12.00
# Visual Studio Version 17
VisualStudioVersion = 17.4.33213.308
MinimumVisualStudioVersion = 10.0.40219.1
Project("{FAE04EC0-301F-11D3-BF4B-00C04F79EFBC}") = "22 hw 27.02.2023 generic", "22 hw 27.02.2023 generic\22 hw 27.02.2023 generic.csproj", "{B2F834E9-B7C1-4F28-914E-3C868CA86189}"
EndProject
Global
	GlobalSection(SolutionConfigurationPlatforms) = preSolution
		Debug|Any CPU = Debug|Any CPU
		Release|Any CPU = Release|Any CPU
	EndGlobalSection
	GlobalSection(ProjectConfigurationPlatforms) = postSolution
		{B2F834E9-B7C1-4F28-914E-3C868CA86189}.Debug|Any CPU.ActiveCfg = Debug|Any CPU
		{B2F834E9-B7C1-4F28-914E-3C868CA86189}.Debug|Any CPU.Build.0 = Debug|Any CPU
		{B2F834E9-B7C1-4F28-914E-3C868CA86189}.Release|Any CPU.ActiveCfg = Release|Any CPU
		{B2F834E9-B7C1-4F28-914E-3C868CA86189}.Release|Any CPU.Build.0 = Release|Any CPU
	EndGlobalSection
	GlobalSection(SolutionProperties) = preSolution
		HideSolutionNode = FALSE
	EndGlobalSection
	GlobalSection(ExtensibilityGlobals) = postSolution
		SolutionGuid = {95744733-7DB3-4435-B99C-68715158FD63}
	EndGlobalSection
EndGlobal
