
Microsoft Visual Studio Solution File, Format Version 12.00
# Visual Studio Version 17
VisualStudioVersion = 17.4.33213.308
MinimumVisualStudioVersion = 10.0.40219.1
Project("{FAE04EC0-301F-11D3-BF4B-00C04F79EFBC}") = "13 lab 28.02.2023 collection", "13 lab 28.02.2023 collection\13 lab 28.02.2023 collection.csproj", "{A2924837-09DC-4BC9-84B5-1CDAE734C5FC}"
EndProject
Global
	GlobalSection(SolutionConfigurationPlatforms) = preSolution
		Debug|Any CPU = Debug|Any CPU
		Release|Any CPU = Release|Any CPU
	EndGlobalSection
	GlobalSection(ProjectConfigurationPlatforms) = postSolution
		{A2924837-09DC-4BC9-84B5-1CDAE734C5FC}.Debug|Any CPU.ActiveCfg = Debug|Any CPU
		{A2924837-09DC-4BC9-84B5-1CDAE734C5FC}.Debug|Any CPU.Build.0 = Debug|Any CPU
		{A2924837-09DC-4BC9-84B5-1CDAE734C5FC}.Release|Any CPU.ActiveCfg = Release|Any CPU
		{A2924837-09DC-4BC9-84B5-1CDAE734C5FC}.Release|Any CPU.Build.0 = Release|Any CPU
	EndGlobalSection
	GlobalSection(SolutionProperties) = preSolution
		HideSolutionNode = FALSE
	EndGlobalSection
	GlobalSection(ExtensibilityGlobals) = postSolution
		SolutionGuid = {1BA35C6C-5985-47D4-AEEF-6430BAE502E7}
	EndGlobalSection
EndGlobal
