
Microsoft Visual Studio Solution File, Format Version 12.00
# Visual Studio Version 17
VisualStudioVersion = 17.4.33213.308
MinimumVisualStudioVersion = 10.0.40219.1
Project("{FAE04EC0-301F-11D3-BF4B-00C04F79EFBC}") = "12 lesson 14.02.2023 interface", "12 lesson 14.02.2023 interface\12 lesson 14.02.2023 interface.csproj", "{E6CE982E-C530-4AEE-B16B-65DAC4A65083}"
EndProject
Global
	GlobalSection(SolutionConfigurationPlatforms) = preSolution
		Debug|Any CPU = Debug|Any CPU
		Release|Any CPU = Release|Any CPU
	EndGlobalSection
	GlobalSection(ProjectConfigurationPlatforms) = postSolution
		{E6CE982E-C530-4AEE-B16B-65DAC4A65083}.Debug|Any CPU.ActiveCfg = Debug|Any CPU
		{E6CE982E-C530-4AEE-B16B-65DAC4A65083}.Debug|Any CPU.Build.0 = Debug|Any CPU
		{E6CE982E-C530-4AEE-B16B-65DAC4A65083}.Release|Any CPU.ActiveCfg = Release|Any CPU
		{E6CE982E-C530-4AEE-B16B-65DAC4A65083}.Release|Any CPU.Build.0 = Release|Any CPU
	EndGlobalSection
	GlobalSection(SolutionProperties) = preSolution
		HideSolutionNode = FALSE
	EndGlobalSection
	GlobalSection(ExtensibilityGlobals) = postSolution
		SolutionGuid = {991516C3-B8C7-4CA4-A93A-F3335EF83308}
	EndGlobalSection
EndGlobal
