
Microsoft Visual Studio Solution File, Format Version 12.00
# Visual Studio Version 17
VisualStudioVersion = 17.4.33213.308
MinimumVisualStudioVersion = 10.0.40219.1
Project("{FAE04EC0-301F-11D3-BF4B-00C04F79EFBC}") = "27 hw 06.03.2023 XML", "27 hw 06.03.2023 XML\27 hw 06.03.2023 XML.csproj", "{B71F4EC4-2B3E-4787-B85D-F38ABCA14F3B}"
EndProject
Global
	GlobalSection(SolutionConfigurationPlatforms) = preSolution
		Debug|Any CPU = Debug|Any CPU
		Release|Any CPU = Release|Any CPU
	EndGlobalSection
	GlobalSection(ProjectConfigurationPlatforms) = postSolution
		{B71F4EC4-2B3E-4787-B85D-F38ABCA14F3B}.Debug|Any CPU.ActiveCfg = Debug|Any CPU
		{B71F4EC4-2B3E-4787-B85D-F38ABCA14F3B}.Debug|Any CPU.Build.0 = Debug|Any CPU
		{B71F4EC4-2B3E-4787-B85D-F38ABCA14F3B}.Release|Any CPU.ActiveCfg = Release|Any CPU
		{B71F4EC4-2B3E-4787-B85D-F38ABCA14F3B}.Release|Any CPU.Build.0 = Release|Any CPU
	EndGlobalSection
	GlobalSection(SolutionProperties) = preSolution
		HideSolutionNode = FALSE
	EndGlobalSection
	GlobalSection(ExtensibilityGlobals) = postSolution
		SolutionGuid = {50A50556-9834-4FFB-925C-8F6FBC40E86D}
	EndGlobalSection
EndGlobal
