
Microsoft Visual Studio Solution File, Format Version 12.00
# Visual Studio Version 17
VisualStudioVersion = 17.4.33213.308
MinimumVisualStudioVersion = 10.0.40219.1
Project("{FAE04EC0-301F-11D3-BF4B-00C04F79EFBC}") = "1 hw 31.01.2023", "Lesson\1 hw 31.01.2023.csproj", "{40F2C793-F0ED-46E6-8DC5-EAF7F91A7F4B}"
EndProject
Global
	GlobalSection(SolutionConfigurationPlatforms) = preSolution
		Debug|Any CPU = Debug|Any CPU
		Release|Any CPU = Release|Any CPU
	EndGlobalSection
	GlobalSection(ProjectConfigurationPlatforms) = postSolution
		{40F2C793-F0ED-46E6-8DC5-EAF7F91A7F4B}.Debug|Any CPU.ActiveCfg = Debug|Any CPU
		{40F2C793-F0ED-46E6-8DC5-EAF7F91A7F4B}.Debug|Any CPU.Build.0 = Debug|Any CPU
		{40F2C793-F0ED-46E6-8DC5-EAF7F91A7F4B}.Release|Any CPU.ActiveCfg = Release|Any CPU
		{40F2C793-F0ED-46E6-8DC5-EAF7F91A7F4B}.Release|Any CPU.Build.0 = Release|Any CPU
	EndGlobalSection
	GlobalSection(SolutionProperties) = preSolution
		HideSolutionNode = FALSE
	EndGlobalSection
	GlobalSection(ExtensibilityGlobals) = postSolution
		SolutionGuid = {D1438866-7EE7-4303-B848-C52250689ED9}
	EndGlobalSection
EndGlobal
