
Microsoft Visual Studio Solution File, Format Version 12.00
# Visual Studio Version 17
VisualStudioVersion = 17.4.33213.308
MinimumVisualStudioVersion = 10.0.40219.1
Project("{FAE04EC0-301F-11D3-BF4B-00C04F79EFBC}") = "36a hw 27.03.2023 DecoratorPattern", "36a hw 27.03.2023 FacadePattern\36a hw 27.03.2023 DecoratorPattern.csproj", "{4A5C3A0D-9347-4F74-BA68-809F1B51C3C6}"
EndProject
Global
	GlobalSection(SolutionConfigurationPlatforms) = preSolution
		Debug|Any CPU = Debug|Any CPU
		Release|Any CPU = Release|Any CPU
	EndGlobalSection
	GlobalSection(ProjectConfigurationPlatforms) = postSolution
		{4A5C3A0D-9347-4F74-BA68-809F1B51C3C6}.Debug|Any CPU.ActiveCfg = Debug|Any CPU
		{4A5C3A0D-9347-4F74-BA68-809F1B51C3C6}.Debug|Any CPU.Build.0 = Debug|Any CPU
		{4A5C3A0D-9347-4F74-BA68-809F1B51C3C6}.Release|Any CPU.ActiveCfg = Release|Any CPU
		{4A5C3A0D-9347-4F74-BA68-809F1B51C3C6}.Release|Any CPU.Build.0 = Release|Any CPU
	EndGlobalSection
	GlobalSection(SolutionProperties) = preSolution
		HideSolutionNode = FALSE
	EndGlobalSection
	GlobalSection(ExtensibilityGlobals) = postSolution
		SolutionGuid = {A954CC80-8277-4BBE-807A-DE1DF6283A64}
	EndGlobalSection
EndGlobal
