
Microsoft Visual Studio Solution File, Format Version 12.00
# Visual Studio Version 17
VisualStudioVersion = 17.4.33213.308
MinimumVisualStudioVersion = 10.0.40219.1
Project("{FAE04EC0-301F-11D3-BF4B-00C04F79EFBC}") = "31 myHW Car Fabric 21.03.2023", "31 myHW Car Fabric 21.03.2023\31 myHW Car Fabric 21.03.2023.csproj", "{3B00BECA-5043-4076-B89B-EBE7EDF84C76}"
EndProject
Global
	GlobalSection(SolutionConfigurationPlatforms) = preSolution
		Debug|Any CPU = Debug|Any CPU
		Release|Any CPU = Release|Any CPU
	EndGlobalSection
	GlobalSection(ProjectConfigurationPlatforms) = postSolution
		{3B00BECA-5043-4076-B89B-EBE7EDF84C76}.Debug|Any CPU.ActiveCfg = Debug|Any CPU
		{3B00BECA-5043-4076-B89B-EBE7EDF84C76}.Debug|Any CPU.Build.0 = Debug|Any CPU
		{3B00BECA-5043-4076-B89B-EBE7EDF84C76}.Release|Any CPU.ActiveCfg = Release|Any CPU
		{3B00BECA-5043-4076-B89B-EBE7EDF84C76}.Release|Any CPU.Build.0 = Release|Any CPU
	EndGlobalSection
	GlobalSection(SolutionProperties) = preSolution
		HideSolutionNode = FALSE
	EndGlobalSection
	GlobalSection(ExtensibilityGlobals) = postSolution
		SolutionGuid = {7C6E3410-664D-46F2-92F0-19CF6BB29F0D}
	EndGlobalSection
EndGlobal
