
Microsoft Visual Studio Solution File, Format Version 12.00
# Visual Studio Version 17
VisualStudioVersion = 17.4.33213.308
MinimumVisualStudioVersion = 10.0.40219.1
Project("{FAE04EC0-301F-11D3-BF4B-00C04F79EFBC}") = "21 hw 24.02.2023 SOLID University", "21 hw 24.02.2023 SOLID University\21 hw 24.02.2023 SOLID University.csproj", "{8D2372B0-0597-45C5-8C12-74F035A61FFF}"
EndProject
Global
	GlobalSection(SolutionConfigurationPlatforms) = preSolution
		Debug|Any CPU = Debug|Any CPU
		Release|Any CPU = Release|Any CPU
	EndGlobalSection
	GlobalSection(ProjectConfigurationPlatforms) = postSolution
		{8D2372B0-0597-45C5-8C12-74F035A61FFF}.Debug|Any CPU.ActiveCfg = Debug|Any CPU
		{8D2372B0-0597-45C5-8C12-74F035A61FFF}.Debug|Any CPU.Build.0 = Debug|Any CPU
		{8D2372B0-0597-45C5-8C12-74F035A61FFF}.Release|Any CPU.ActiveCfg = Release|Any CPU
		{8D2372B0-0597-45C5-8C12-74F035A61FFF}.Release|Any CPU.Build.0 = Release|Any CPU
	EndGlobalSection
	GlobalSection(SolutionProperties) = preSolution
		HideSolutionNode = FALSE
	EndGlobalSection
	GlobalSection(ExtensibilityGlobals) = postSolution
		SolutionGuid = {CCB63147-0AC7-4228-A292-6380EE203CE3}
	EndGlobalSection
EndGlobal
