
Microsoft Visual Studio Solution File, Format Version 12.00
# Visual Studio Version 17
VisualStudioVersion = 17.7.34024.191
MinimumVisualStudioVersion = 10.0.40219.1
Project("{FAE04EC0-301F-11D3-BF4B-00C04F79EFBC}") = "Firebase Console", "Firebase Console\Firebase Console.csproj", "{732FB30A-87F1-4A08-9780-777BC17E045D}"
EndProject
Global
	GlobalSection(SolutionConfigurationPlatforms) = preSolution
		Debug|Any CPU = Debug|Any CPU
		Release|Any CPU = Release|Any CPU
	EndGlobalSection
	GlobalSection(ProjectConfigurationPlatforms) = postSolution
		{732FB30A-87F1-4A08-9780-777BC17E045D}.Debug|Any CPU.ActiveCfg = Debug|Any CPU
		{732FB30A-87F1-4A08-9780-777BC17E045D}.Debug|Any CPU.Build.0 = Debug|Any CPU
		{732FB30A-87F1-4A08-9780-777BC17E045D}.Release|Any CPU.ActiveCfg = Release|Any CPU
		{732FB30A-87F1-4A08-9780-777BC17E045D}.Release|Any CPU.Build.0 = Release|Any CPU
	EndGlobalSection
	GlobalSection(SolutionProperties) = preSolution
		HideSolutionNode = FALSE
	EndGlobalSection
	GlobalSection(ExtensibilityGlobals) = postSolution
		SolutionGuid = {84D9BB90-BDF6-4784-93EC-CFABBC6B2493}
	EndGlobalSection
EndGlobal
