
Microsoft Visual Studio Solution File, Format Version 12.00
# Visual Studio Version 17
VisualStudioVersion = 17.4.33213.308
MinimumVisualStudioVersion = 10.0.40219.1
Project("{FAE04EC0-301F-11D3-BF4B-00C04F79EFBC}") = "37 hw 28.03.2023 flyweight", "37 hw 28.03.2023 flyweight\37 hw 28.03.2023 flyweight.csproj", "{289D21AC-D026-4A3D-B71B-3A65566AAD31}"
EndProject
Global
	GlobalSection(SolutionConfigurationPlatforms) = preSolution
		Debug|Any CPU = Debug|Any CPU
		Release|Any CPU = Release|Any CPU
	EndGlobalSection
	GlobalSection(ProjectConfigurationPlatforms) = postSolution
		{289D21AC-D026-4A3D-B71B-3A65566AAD31}.Debug|Any CPU.ActiveCfg = Debug|Any CPU
		{289D21AC-D026-4A3D-B71B-3A65566AAD31}.Debug|Any CPU.Build.0 = Debug|Any CPU
		{289D21AC-D026-4A3D-B71B-3A65566AAD31}.Release|Any CPU.ActiveCfg = Release|Any CPU
		{289D21AC-D026-4A3D-B71B-3A65566AAD31}.Release|Any CPU.Build.0 = Release|Any CPU
	EndGlobalSection
	GlobalSection(SolutionProperties) = preSolution
		HideSolutionNode = FALSE
	EndGlobalSection
	GlobalSection(ExtensibilityGlobals) = postSolution
		SolutionGuid = {A575B23B-ED9A-4857-A908-E85352962EBF}
	EndGlobalSection
EndGlobal
