
Microsoft Visual Studio Solution File, Format Version 12.00
# Visual Studio Version 17
VisualStudioVersion = 17.4.33213.308
MinimumVisualStudioVersion = 10.0.40219.1
Project("{FAE04EC0-301F-11D3-BF4B-00C04F79EFBC}") = "19 hw 22.02.2023 SRP, OCP", "18 hw 22.02.2023 SRP, OCP\19 hw 22.02.2023 SRP, OCP.csproj", "{8AC89AC9-2A2B-4A05-8BA2-BF6C5DF98BD8}"
EndProject
Global
	GlobalSection(SolutionConfigurationPlatforms) = preSolution
		Debug|Any CPU = Debug|Any CPU
		Release|Any CPU = Release|Any CPU
	EndGlobalSection
	GlobalSection(ProjectConfigurationPlatforms) = postSolution
		{8AC89AC9-2A2B-4A05-8BA2-BF6C5DF98BD8}.Debug|Any CPU.ActiveCfg = Debug|Any CPU
		{8AC89AC9-2A2B-4A05-8BA2-BF6C5DF98BD8}.Debug|Any CPU.Build.0 = Debug|Any CPU
		{8AC89AC9-2A2B-4A05-8BA2-BF6C5DF98BD8}.Release|Any CPU.ActiveCfg = Release|Any CPU
		{8AC89AC9-2A2B-4A05-8BA2-BF6C5DF98BD8}.Release|Any CPU.Build.0 = Release|Any CPU
	EndGlobalSection
	GlobalSection(SolutionProperties) = preSolution
		HideSolutionNode = FALSE
	EndGlobalSection
	GlobalSection(ExtensibilityGlobals) = postSolution
		SolutionGuid = {1F9C7C90-0004-4321-998D-80913EAAB825}
	EndGlobalSection
EndGlobal
