
Microsoft Visual Studio Solution File, Format Version 12.00
# Visual Studio Version 17
VisualStudioVersion = 17.4.33213.308
MinimumVisualStudioVersion = 10.0.40219.1
Project("{FAE04EC0-301F-11D3-BF4B-00C04F79EFBC}") = "17 hw 20.02.2023 simple example of events", "17 hw 20.02.2023 simple example of events\17 hw 20.02.2023 simple example of events.csproj", "{29B2E817-D408-480E-A00E-9F4F26A3EC63}"
EndProject
Global
	GlobalSection(SolutionConfigurationPlatforms) = preSolution
		Debug|Any CPU = Debug|Any CPU
		Release|Any CPU = Release|Any CPU
	EndGlobalSection
	GlobalSection(ProjectConfigurationPlatforms) = postSolution
		{29B2E817-D408-480E-A00E-9F4F26A3EC63}.Debug|Any CPU.ActiveCfg = Debug|Any CPU
		{29B2E817-D408-480E-A00E-9F4F26A3EC63}.Debug|Any CPU.Build.0 = Debug|Any CPU
		{29B2E817-D408-480E-A00E-9F4F26A3EC63}.Release|Any CPU.ActiveCfg = Release|Any CPU
		{29B2E817-D408-480E-A00E-9F4F26A3EC63}.Release|Any CPU.Build.0 = Release|Any CPU
	EndGlobalSection
	GlobalSection(SolutionProperties) = preSolution
		HideSolutionNode = FALSE
	EndGlobalSection
	GlobalSection(ExtensibilityGlobals) = postSolution
		SolutionGuid = {44D422CF-6F5B-4ED3-8D6C-BB4EA9314FC7}
	EndGlobalSection
EndGlobal
