
Microsoft Visual Studio Solution File, Format Version 12.00
# Visual Studio Version 17
VisualStudioVersion = 17.4.33213.308
MinimumVisualStudioVersion = 10.0.40219.1
Project("{FAE04EC0-301F-11D3-BF4B-00C04F79EFBC}") = "24 hw 01.03.2023 garbage collector", "24 hw 01.03.2023 garbage collector\24 hw 01.03.2023 garbage collector.csproj", "{A1679FA3-5C2E-4B68-A5F0-15B7A44886AB}"
EndProject
Global
	GlobalSection(SolutionConfigurationPlatforms) = preSolution
		Debug|Any CPU = Debug|Any CPU
		Release|Any CPU = Release|Any CPU
	EndGlobalSection
	GlobalSection(ProjectConfigurationPlatforms) = postSolution
		{A1679FA3-5C2E-4B68-A5F0-15B7A44886AB}.Debug|Any CPU.ActiveCfg = Debug|Any CPU
		{A1679FA3-5C2E-4B68-A5F0-15B7A44886AB}.Debug|Any CPU.Build.0 = Debug|Any CPU
		{A1679FA3-5C2E-4B68-A5F0-15B7A44886AB}.Release|Any CPU.ActiveCfg = Release|Any CPU
		{A1679FA3-5C2E-4B68-A5F0-15B7A44886AB}.Release|Any CPU.Build.0 = Release|Any CPU
	EndGlobalSection
	GlobalSection(SolutionProperties) = preSolution
		HideSolutionNode = FALSE
	EndGlobalSection
	GlobalSection(ExtensibilityGlobals) = postSolution
		SolutionGuid = {F1EFDCF2-9D86-4746-9474-7AFB62BBEBD9}
	EndGlobalSection
EndGlobal
