
Microsoft Visual Studio Solution File, Format Version 12.00
# Visual Studio Version 17
VisualStudioVersion = 17.4.33213.308
MinimumVisualStudioVersion = 10.0.40219.1
Project("{FAE04EC0-301F-11D3-BF4B-00C04F79EFBC}") = "39a hw 30.03.2023 mediator pattern", "39a hw 30.03.2023 mediator pattern\39a hw 30.03.2023 mediator pattern.csproj", "{56EBB8B0-ECAA-4183-9B69-60D3E0DA55C1}"
EndProject
Global
	GlobalSection(SolutionConfigurationPlatforms) = preSolution
		Debug|Any CPU = Debug|Any CPU
		Release|Any CPU = Release|Any CPU
	EndGlobalSection
	GlobalSection(ProjectConfigurationPlatforms) = postSolution
		{56EBB8B0-ECAA-4183-9B69-60D3E0DA55C1}.Debug|Any CPU.ActiveCfg = Debug|Any CPU
		{56EBB8B0-ECAA-4183-9B69-60D3E0DA55C1}.Debug|Any CPU.Build.0 = Debug|Any CPU
		{56EBB8B0-ECAA-4183-9B69-60D3E0DA55C1}.Release|Any CPU.ActiveCfg = Release|Any CPU
		{56EBB8B0-ECAA-4183-9B69-60D3E0DA55C1}.Release|Any CPU.Build.0 = Release|Any CPU
	EndGlobalSection
	GlobalSection(SolutionProperties) = preSolution
		HideSolutionNode = FALSE
	EndGlobalSection
	GlobalSection(ExtensibilityGlobals) = postSolution
		SolutionGuid = {F6020AD7-E505-4C9A-BAF7-7A71FDF3554B}
	EndGlobalSection
EndGlobal
