
Microsoft Visual Studio Solution File, Format Version 12.00
# Visual Studio Version 17
VisualStudioVersion = 17.4.33213.308
MinimumVisualStudioVersion = 10.0.40219.1
Project("{FAE04EC0-301F-11D3-BF4B-00C04F79EFBC}") = "38b hw 29.03.2023 command pattern", "38b hw 29.03.2023 command pattern\38b hw 29.03.2023 command pattern.csproj", "{667064D3-04E0-4FDF-A4B3-A4DC476EEF10}"
EndProject
Global
	GlobalSection(SolutionConfigurationPlatforms) = preSolution
		Debug|Any CPU = Debug|Any CPU
		Release|Any CPU = Release|Any CPU
	EndGlobalSection
	GlobalSection(ProjectConfigurationPlatforms) = postSolution
		{667064D3-04E0-4FDF-A4B3-A4DC476EEF10}.Debug|Any CPU.ActiveCfg = Debug|Any CPU
		{667064D3-04E0-4FDF-A4B3-A4DC476EEF10}.Debug|Any CPU.Build.0 = Debug|Any CPU
		{667064D3-04E0-4FDF-A4B3-A4DC476EEF10}.Release|Any CPU.ActiveCfg = Release|Any CPU
		{667064D3-04E0-4FDF-A4B3-A4DC476EEF10}.Release|Any CPU.Build.0 = Release|Any CPU
	EndGlobalSection
	GlobalSection(SolutionProperties) = preSolution
		HideSolutionNode = FALSE
	EndGlobalSection
	GlobalSection(ExtensibilityGlobals) = postSolution
		SolutionGuid = {D2633085-72BE-439B-8215-8CAC34C7874C}
	EndGlobalSection
EndGlobal
